
Microsoft Visual Studio Solution File, Format Version 12.00
# Visual Studio 15
VisualStudioVersion = 15.0.26124.0
MinimumVisualStudioVersion = 15.0.26124.0
Project("{F2A71F9B-5D33-465A-A702-920D77279786}") = "backend", "backend\backend.fsproj", "{260BFD4D-E226-40D1-91EB-8646AAB4D53D}"
EndProject
Project("{2150E333-8FDC-42A3-9474-1A3956D46DE8}") = "web", "web", "{BA44F6D0-26B7-4A30-9AC1-5A8B1D150BD6}"
EndProject
Project("{F2A71F9B-5D33-465A-A702-920D77279786}") = "web", "web\src\web.fsproj", "{E2D9EB63-3AF2-453A-AEBE-56199DB26117}"
EndProject
Project("{2150E333-8FDC-42A3-9474-1A3956D46DE8}") = "frontend", "frontend", "{E5226554-B11B-4AA6-AC7D-FC8970B111D2}"
EndProject
Project("{F2A71F9B-5D33-465A-A702-920D77279786}") = "frontend", "frontend\src\frontend.fsproj", "{91EBEEDF-E305-4B3E-9EB5-7DD6164FDEE0}"
EndProject
Project("{F2A71F9B-5D33-465A-A702-920D77279786}") = "core", "core\core.fsproj", "{315F8CA6-752F-4A99-9D83-F39BD6A130E4}"
EndProject
Project("{2150E333-8FDC-42A3-9474-1A3956D46DE8}") = "sync-front", "sync-front", "{1D885F5E-E828-4D45-ABD4-AF6608466624}"
EndProject
Project("{F2A71F9B-5D33-465A-A702-920D77279786}") = "sync-front", "sync-front\src\sync-front.fsproj", "{2A714C8D-CA2C-4DEA-95CE-D3A7F93BC6C1}"
EndProject
Global
	GlobalSection(SolutionConfigurationPlatforms) = preSolution
		Debug|Any CPU = Debug|Any CPU
		Debug|x64 = Debug|x64
		Debug|x86 = Debug|x86
		Release|Any CPU = Release|Any CPU
		Release|x64 = Release|x64
		Release|x86 = Release|x86
	EndGlobalSection
	GlobalSection(SolutionProperties) = preSolution
		HideSolutionNode = FALSE
	EndGlobalSection
	GlobalSection(ProjectConfigurationPlatforms) = postSolution
		{260BFD4D-E226-40D1-91EB-8646AAB4D53D}.Debug|Any CPU.ActiveCfg = Debug|Any CPU
		{260BFD4D-E226-40D1-91EB-8646AAB4D53D}.Debug|Any CPU.Build.0 = Debug|Any CPU
		{260BFD4D-E226-40D1-91EB-8646AAB4D53D}.Debug|x64.ActiveCfg = Debug|Any CPU
		{260BFD4D-E226-40D1-91EB-8646AAB4D53D}.Debug|x64.Build.0 = Debug|Any CPU
		{260BFD4D-E226-40D1-91EB-8646AAB4D53D}.Debug|x86.ActiveCfg = Debug|Any CPU
		{260BFD4D-E226-40D1-91EB-8646AAB4D53D}.Debug|x86.Build.0 = Debug|Any CPU
		{260BFD4D-E226-40D1-91EB-8646AAB4D53D}.Release|Any CPU.ActiveCfg = Release|Any CPU
		{260BFD4D-E226-40D1-91EB-8646AAB4D53D}.Release|Any CPU.Build.0 = Release|Any CPU
		{260BFD4D-E226-40D1-91EB-8646AAB4D53D}.Release|x64.ActiveCfg = Release|Any CPU
		{260BFD4D-E226-40D1-91EB-8646AAB4D53D}.Release|x64.Build.0 = Release|Any CPU
		{260BFD4D-E226-40D1-91EB-8646AAB4D53D}.Release|x86.ActiveCfg = Release|Any CPU
		{260BFD4D-E226-40D1-91EB-8646AAB4D53D}.Release|x86.Build.0 = Release|Any CPU
		{E2D9EB63-3AF2-453A-AEBE-56199DB26117}.Debug|Any CPU.ActiveCfg = Debug|Any CPU
		{E2D9EB63-3AF2-453A-AEBE-56199DB26117}.Debug|Any CPU.Build.0 = Debug|Any CPU
		{E2D9EB63-3AF2-453A-AEBE-56199DB26117}.Debug|x64.ActiveCfg = Debug|Any CPU
		{E2D9EB63-3AF2-453A-AEBE-56199DB26117}.Debug|x64.Build.0 = Debug|Any CPU
		{E2D9EB63-3AF2-453A-AEBE-56199DB26117}.Debug|x86.ActiveCfg = Debug|Any CPU
		{E2D9EB63-3AF2-453A-AEBE-56199DB26117}.Debug|x86.Build.0 = Debug|Any CPU
		{E2D9EB63-3AF2-453A-AEBE-56199DB26117}.Release|Any CPU.ActiveCfg = Release|Any CPU
		{E2D9EB63-3AF2-453A-AEBE-56199DB26117}.Release|Any CPU.Build.0 = Release|Any CPU
		{E2D9EB63-3AF2-453A-AEBE-56199DB26117}.Release|x64.ActiveCfg = Release|Any CPU
		{E2D9EB63-3AF2-453A-AEBE-56199DB26117}.Release|x64.Build.0 = Release|Any CPU
		{E2D9EB63-3AF2-453A-AEBE-56199DB26117}.Release|x86.ActiveCfg = Release|Any CPU
		{E2D9EB63-3AF2-453A-AEBE-56199DB26117}.Release|x86.Build.0 = Release|Any CPU
		{91EBEEDF-E305-4B3E-9EB5-7DD6164FDEE0}.Debug|Any CPU.ActiveCfg = Debug|Any CPU
		{91EBEEDF-E305-4B3E-9EB5-7DD6164FDEE0}.Debug|Any CPU.Build.0 = Debug|Any CPU
		{91EBEEDF-E305-4B3E-9EB5-7DD6164FDEE0}.Debug|x64.ActiveCfg = Debug|Any CPU
		{91EBEEDF-E305-4B3E-9EB5-7DD6164FDEE0}.Debug|x64.Build.0 = Debug|Any CPU
		{91EBEEDF-E305-4B3E-9EB5-7DD6164FDEE0}.Debug|x86.ActiveCfg = Debug|Any CPU
		{91EBEEDF-E305-4B3E-9EB5-7DD6164FDEE0}.Debug|x86.Build.0 = Debug|Any CPU
		{91EBEEDF-E305-4B3E-9EB5-7DD6164FDEE0}.Release|Any CPU.ActiveCfg = Release|Any CPU
		{91EBEEDF-E305-4B3E-9EB5-7DD6164FDEE0}.Release|Any CPU.Build.0 = Release|Any CPU
		{91EBEEDF-E305-4B3E-9EB5-7DD6164FDEE0}.Release|x64.ActiveCfg = Release|Any CPU
		{91EBEEDF-E305-4B3E-9EB5-7DD6164FDEE0}.Release|x64.Build.0 = Release|Any CPU
		{91EBEEDF-E305-4B3E-9EB5-7DD6164FDEE0}.Release|x86.ActiveCfg = Release|Any CPU
		{91EBEEDF-E305-4B3E-9EB5-7DD6164FDEE0}.Release|x86.Build.0 = Release|Any CPU
		{315F8CA6-752F-4A99-9D83-F39BD6A130E4}.Debug|Any CPU.ActiveCfg = Debug|Any CPU
		{315F8CA6-752F-4A99-9D83-F39BD6A130E4}.Debug|Any CPU.Build.0 = Debug|Any CPU
		{315F8CA6-752F-4A99-9D83-F39BD6A130E4}.Debug|x64.ActiveCfg = Debug|Any CPU
		{315F8CA6-752F-4A99-9D83-F39BD6A130E4}.Debug|x64.Build.0 = Debug|Any CPU
		{315F8CA6-752F-4A99-9D83-F39BD6A130E4}.Debug|x86.ActiveCfg = Debug|Any CPU
		{315F8CA6-752F-4A99-9D83-F39BD6A130E4}.Debug|x86.Build.0 = Debug|Any CPU
		{315F8CA6-752F-4A99-9D83-F39BD6A130E4}.Release|Any CPU.ActiveCfg = Release|Any CPU
		{315F8CA6-752F-4A99-9D83-F39BD6A130E4}.Release|Any CPU.Build.0 = Release|Any CPU
		{315F8CA6-752F-4A99-9D83-F39BD6A130E4}.Release|x64.ActiveCfg = Release|Any CPU
		{315F8CA6-752F-4A99-9D83-F39BD6A130E4}.Release|x64.Build.0 = Release|Any CPU
		{315F8CA6-752F-4A99-9D83-F39BD6A130E4}.Release|x86.ActiveCfg = Release|Any CPU
		{315F8CA6-752F-4A99-9D83-F39BD6A130E4}.Release|x86.Build.0 = Release|Any CPU
		{2A714C8D-CA2C-4DEA-95CE-D3A7F93BC6C1}.Debug|Any CPU.ActiveCfg = Debug|Any CPU
		{2A714C8D-CA2C-4DEA-95CE-D3A7F93BC6C1}.Debug|Any CPU.Build.0 = Debug|Any CPU
		{2A714C8D-CA2C-4DEA-95CE-D3A7F93BC6C1}.Debug|x64.ActiveCfg = Debug|Any CPU
		{2A714C8D-CA2C-4DEA-95CE-D3A7F93BC6C1}.Debug|x64.Build.0 = Debug|Any CPU
		{2A714C8D-CA2C-4DEA-95CE-D3A7F93BC6C1}.Debug|x86.ActiveCfg = Debug|Any CPU
		{2A714C8D-CA2C-4DEA-95CE-D3A7F93BC6C1}.Debug|x86.Build.0 = Debug|Any CPU
		{2A714C8D-CA2C-4DEA-95CE-D3A7F93BC6C1}.Release|Any CPU.ActiveCfg = Release|Any CPU
		{2A714C8D-CA2C-4DEA-95CE-D3A7F93BC6C1}.Release|Any CPU.Build.0 = Release|Any CPU
		{2A714C8D-CA2C-4DEA-95CE-D3A7F93BC6C1}.Release|x64.ActiveCfg = Release|Any CPU
		{2A714C8D-CA2C-4DEA-95CE-D3A7F93BC6C1}.Release|x64.Build.0 = Release|Any CPU
		{2A714C8D-CA2C-4DEA-95CE-D3A7F93BC6C1}.Release|x86.ActiveCfg = Release|Any CPU
		{2A714C8D-CA2C-4DEA-95CE-D3A7F93BC6C1}.Release|x86.Build.0 = Release|Any CPU
	EndGlobalSection
	GlobalSection(NestedProjects) = preSolution
		{E2D9EB63-3AF2-453A-AEBE-56199DB26117} = {BA44F6D0-26B7-4A30-9AC1-5A8B1D150BD6}
		{91EBEEDF-E305-4B3E-9EB5-7DD6164FDEE0} = {E5226554-B11B-4AA6-AC7D-FC8970B111D2}
		{2A714C8D-CA2C-4DEA-95CE-D3A7F93BC6C1} = {1D885F5E-E828-4D45-ABD4-AF6608466624}
	EndGlobalSection
EndGlobal
